<Solution>
  <Project Path="Assembly-CSharp.csproj" />
  <Project Path="Unity.Polybrush.csproj" />
  <Project Path="BroAudio.csproj" />
  <Project Path="BroAudioEditor.csproj" />
  <Project Path="Unity.Polybrush.Editor.csproj" />
  <Project Path="Assembly-CSharp-firstpass.csproj" />
  <Project Path="OccaSoftware.Buto.Editor.csproj" />
  <Project Path="OccaSoftware.Buto.Runtime.csproj" />
  <Project Path="OccaSoftware.Buto.Shaders.csproj" />
  <Project Path="OccaSoftware.Buto.Demo.csproj" />
  <Project Path="Assembly-CSharp-Editor.csproj" />
</Solution>
